
Microsoft Visual Studio Solution File, Format Version 12.00
# Visual Studio Version 17
VisualStudioVersion = 17.12.35506.116 d17.12
MinimumVisualStudioVersion = 10.0.40219.1
Project("{FAE04EC0-301F-11D3-BF4B-00C04F79EFBC}") = "DataBaseLibrary", "DataBaseLibrary\DataBaseLibrary.csproj", "{63D7E8D2-EA2D-4A6E-96D1-08AE53B1FE4B}"
EndProject
Project("{FAE04EC0-301F-11D3-BF4B-00C04F79EFBC}") = "WebApi", "WebApi\WebApi.csproj", "{560EED72-E459-401B-B6CE-2545CC66F12F}"
EndProject
Project("{FAE04EC0-301F-11D3-BF4B-00C04F79EFBC}") = "FragrandWorldApp", "FragrandWorldApp\FragrandWorldApp.csproj", "{9E775A8B-F374-4860-9660-B14CC66FA34E}"
EndProject
Global
	GlobalSection(SolutionConfigurationPlatforms) = preSolution
		Debug|Any CPU = Debug|Any CPU
		Release|Any CPU = Release|Any CPU
	EndGlobalSection
	GlobalSection(ProjectConfigurationPlatforms) = postSolution
		{63D7E8D2-EA2D-4A6E-96D1-08AE53B1FE4B}.Debug|Any CPU.ActiveCfg = Debug|Any CPU
		{63D7E8D2-EA2D-4A6E-96D1-08AE53B1FE4B}.Debug|Any CPU.Build.0 = Debug|Any CPU
		{63D7E8D2-EA2D-4A6E-96D1-08AE53B1FE4B}.Release|Any CPU.ActiveCfg = Release|Any CPU
		{63D7E8D2-EA2D-4A6E-96D1-08AE53B1FE4B}.Release|Any CPU.Build.0 = Release|Any CPU
		{560EED72-E459-401B-B6CE-2545CC66F12F}.Debug|Any CPU.ActiveCfg = Debug|Any CPU
		{560EED72-E459-401B-B6CE-2545CC66F12F}.Debug|Any CPU.Build.0 = Debug|Any CPU
		{560EED72-E459-401B-B6CE-2545CC66F12F}.Release|Any CPU.ActiveCfg = Release|Any CPU
		{560EED72-E459-401B-B6CE-2545CC66F12F}.Release|Any CPU.Build.0 = Release|Any CPU
		{9E775A8B-F374-4860-9660-B14CC66FA34E}.Debug|Any CPU.ActiveCfg = Debug|Any CPU
		{9E775A8B-F374-4860-9660-B14CC66FA34E}.Debug|Any CPU.Build.0 = Debug|Any CPU
		{9E775A8B-F374-4860-9660-B14CC66FA34E}.Release|Any CPU.ActiveCfg = Release|Any CPU
		{9E775A8B-F374-4860-9660-B14CC66FA34E}.Release|Any CPU.Build.0 = Release|Any CPU
	EndGlobalSection
	GlobalSection(SolutionProperties) = preSolution
		HideSolutionNode = FALSE
	EndGlobalSection
EndGlobal
